
Microsoft Visual Studio Solution File, Format Version 12.00
# Visual Studio 15
VisualStudioVersion = 15.0.28010.2046
MinimumVisualStudioVersion = 10.0.40219.1
Project("{FAE04EC0-301F-11D3-BF4B-00C04F79EFBC}") = "SwitchStatement2", "SwitchStatement2\SwitchStatement2.csproj", "{8E699AAF-1A08-4862-97F3-820C4635F811}"
EndProject
Global
	GlobalSection(SolutionConfigurationPlatforms) = preSolution
		Debug|Any CPU = Debug|Any CPU
		Release|Any CPU = Release|Any CPU
	EndGlobalSection
	GlobalSection(ProjectConfigurationPlatforms) = postSolution
		{8E699AAF-1A08-4862-97F3-820C4635F811}.Debug|Any CPU.ActiveCfg = Debug|Any CPU
		{8E699AAF-1A08-4862-97F3-820C4635F811}.Debug|Any CPU.Build.0 = Debug|Any CPU
		{8E699AAF-1A08-4862-97F3-820C4635F811}.Release|Any CPU.ActiveCfg = Release|Any CPU
		{8E699AAF-1A08-4862-97F3-820C4635F811}.Release|Any CPU.Build.0 = Release|Any CPU
	EndGlobalSection
	GlobalSection(SolutionProperties) = preSolution
		HideSolutionNode = FALSE
	EndGlobalSection
	GlobalSection(ExtensibilityGlobals) = postSolution
		SolutionGuid = {6D966740-4FA8-4DBA-A98E-78C86D85CB7F}
	EndGlobalSection
EndGlobal
